
Microsoft Visual Studio Solution File, Format Version 12.00
# Visual Studio Version 17
VisualStudioVersion = 17.3.32922.545
MinimumVisualStudioVersion = 10.0.40219.1
Project("{FAE04EC0-301F-11D3-BF4B-00C04F79EFBC}") = "LinqProject", "LinqProject\LinqProject.csproj", "{5CF3E1A3-6A9E-49FB-9187-01B2BFA906BF}"
EndProject
Global
	GlobalSection(SolutionConfigurationPlatforms) = preSolution
		Debug|Any CPU = Debug|Any CPU
		Release|Any CPU = Release|Any CPU
	EndGlobalSection
	GlobalSection(ProjectConfigurationPlatforms) = postSolution
		{5CF3E1A3-6A9E-49FB-9187-01B2BFA906BF}.Debug|Any CPU.ActiveCfg = Debug|Any CPU
		{5CF3E1A3-6A9E-49FB-9187-01B2BFA906BF}.Debug|Any CPU.Build.0 = Debug|Any CPU
		{5CF3E1A3-6A9E-49FB-9187-01B2BFA906BF}.Release|Any CPU.ActiveCfg = Release|Any CPU
		{5CF3E1A3-6A9E-49FB-9187-01B2BFA906BF}.Release|Any CPU.Build.0 = Release|Any CPU
	EndGlobalSection
	GlobalSection(SolutionProperties) = preSolution
		HideSolutionNode = FALSE
	EndGlobalSection
	GlobalSection(ExtensibilityGlobals) = postSolution
		SolutionGuid = {7F3C50D8-8F10-4A4C-BCB1-D5EC09D2ED36}
	EndGlobalSection
EndGlobal
